// !$*UTF8*$!
{
	archiveVersion = 1;
	classes = {
	};
	objectVersion = 77;
	objects = {

/* Begin PBXBuildFile section */
		5FD7112C2CD073F400D6BDD8 /* TimeRentingDataModel.xcdatamodeld in Sources */ = {isa = PBXBuildFile; fileRef = 5FD7112A2CD073F400D6BDD8 /* TimeRentingDataModel.xcdatamodeld */; };
/* End PBXBuildFile section */

/* Begin PBXContainerItemProxy section */
		5F3C104E2C9A2CA70029CBF1 /* PBXContainerItemProxy */ = {
			isa = PBXContainerItemProxy;
			containerPortal = 5F3C10352C9A2CA30029CBF1 /* Project object */;
			proxyType = 1;
			remoteGlobalIDString = 5F3C103C2C9A2CA30029CBF1;
			remoteInfo = TimeRenting;
		};
		5F3C10582C9A2CA70029CBF1 /* PBXContainerItemProxy */ = {
			isa = PBXContainerItemProxy;
			containerPortal = 5F3C10352C9A2CA30029CBF1 /* Project object */;
			proxyType = 1;
			remoteGlobalIDString = 5F3C103C2C9A2CA30029CBF1;
			remoteInfo = TimeRenting;
		};
/* End PBXContainerItemProxy section */

/* Begin PBXFileReference section */
		5F3C103D2C9A2CA30029CBF1 /* TimeRenting.app */ = {isa = PBXFileReference; explicitFileType = wrapper.application; includeInIndex = 0; path = TimeRenting.app; sourceTree = BUILT_PRODUCTS_DIR; };
		5F3C104D2C9A2CA70029CBF1 /* TimeRentingTests.xctest */ = {isa = PBXFileReference; explicitFileType = wrapper.cfbundle; includeInIndex = 0; path = TimeRentingTests.xctest; sourceTree = BUILT_PRODUCTS_DIR; };
		5F3C10572C9A2CA70029CBF1 /* TimeRentingUITests.xctest */ = {isa = PBXFileReference; explicitFileType = wrapper.cfbundle; includeInIndex = 0; path = TimeRentingUITests.xctest; sourceTree = BUILT_PRODUCTS_DIR; };
		5FD7112B2CD073F400D6BDD8 /* TimeRentingDataModel.xcdatamodel */ = {isa = PBXFileReference; lastKnownFileType = wrapper.xcdatamodel; path = TimeRentingDataModel.xcdatamodel; sourceTree = "<group>"; };
/* End PBXFileReference section */

/* Begin PBXFileSystemSynchronizedRootGroup section */
		5F3C103F2C9A2CA30029CBF1 /* TimeRenting */ = {
			isa = PBXFileSystemSynchronizedRootGroup;
			path = TimeRenting;
			sourceTree = "<group>";
		};
		5F3C10502C9A2CA70029CBF1 /* TimeRentingTests */ = {
			isa = PBXFileSystemSynchronizedRootGroup;
			path = TimeRentingTests;
			sourceTree = "<group>";
		};
		5F3C105A2C9A2CA70029CBF1 /* TimeRentingUITests */ = {
			isa = PBXFileSystemSynchronizedRootGroup;
			path = TimeRentingUITests;
			sourceTree = "<group>";
		};
/* End PBXFileSystemSynchronizedRootGroup section */

/* Begin PBXFrameworksBuildPhase section */
		5F3C103A2C9A2CA30029CBF1 /* Frameworks */ = {
			isa = PBXFrameworksBuildPhase;
			buildActionMask = 2147483647;
			files = (
			);
			runOnlyForDeploymentPostprocessing = 0;
		};
		5F3C104A2C9A2CA70029CBF1 /* Frameworks */ = {
			isa = PBXFrameworksBuildPhase;
			buildActionMask = 2147483647;
			files = (
			);
			runOnlyForDeploymentPostprocessing = 0;
		};
		5F3C10542C9A2CA70029CBF1 /* Frameworks */ = {
			isa = PBXFrameworksBuildPhase;
			buildActionMask = 2147483647;
			files = (
			);
			runOnlyForDeploymentPostprocessing = 0;
		};
/* End PBXFrameworksBuildPhase section */

/* Begin PBXGroup section */
		5F3C10342C9A2CA30029CBF1 = {
			isa = PBXGroup;
			children = (
				5FD7112A2CD073F400D6BDD8 /* TimeRentingDataModel.xcdatamodeld */,
				5F3C103F2C9A2CA30029CBF1 /* TimeRenting */,
				5F3C10502C9A2CA70029CBF1 /* TimeRentingTests */,
				5F3C105A2C9A2CA70029CBF1 /* TimeRentingUITests */,
				5F3C103E2C9A2CA30029CBF1 /* Products */,
			);
			sourceTree = "<group>";
		};
		5F3C103E2C9A2CA30029CBF1 /* Products */ = {
			isa = PBXGroup;
			children = (
				5F3C103D2C9A2CA30029CBF1 /* TimeRenting.app */,
				5F3C104D2C9A2CA70029CBF1 /* TimeRentingTests.xctest */,
				5F3C10572C9A2CA70029CBF1 /* TimeRentingUITests.xctest */,
			);
			name = Products;
			sourceTree = "<group>";
		};
/* End PBXGroup section */

/* Begin PBXNativeTarget section */
		5F3C103C2C9A2CA30029CBF1 /* TimeRenting */ = {
			isa = PBXNativeTarget;
			buildConfigurationList = 5F3C10612C9A2CA70029CBF1 /* Build configuration list for PBXNativeTarget "TimeRenting" */;
			buildPhases = (
				5F3C10392C9A2CA30029CBF1 /* Sources */,
				5F3C103A2C9A2CA30029CBF1 /* Frameworks */,
				5F3C103B2C9A2CA30029CBF1 /* Resources */,
			);
			buildRules = (
			);
			dependencies = (
			);
			fileSystemSynchronizedGroups = (
				5F3C103F2C9A2CA30029CBF1 /* TimeRenting */,
			);
			name = TimeRenting;
			packageProductDependencies = (
			);
			productName = TimeRenting;
			productReference = 5F3C103D2C9A2CA30029CBF1 /* TimeRenting.app */;
			productType = "com.apple.product-type.application";
		};
		5F3C104C2C9A2CA70029CBF1 /* TimeRentingTests */ = {
			isa = PBXNativeTarget;
			buildConfigurationList = 5F3C10642C9A2CA70029CBF1 /* Build configuration list for PBXNativeTarget "TimeRentingTests" */;
			buildPhases = (
				5F3C10492C9A2CA70029CBF1 /* Sources */,
				5F3C104A2C9A2CA70029CBF1 /* Frameworks */,
				5F3C104B2C9A2CA70029CBF1 /* Resources */,
			);
			buildRules = (
			);
			dependencies = (
				5F3C104F2C9A2CA70029CBF1 /* PBXTargetDependency */,
			);
			fileSystemSynchronizedGroups = (
				5F3C10502C9A2CA70029CBF1 /* TimeRentingTests */,
			);
			name = TimeRentingTests;
			packageProductDependencies = (
			);
			productName = TimeRentingTests;
			productReference = 5F3C104D2C9A2CA70029CBF1 /* TimeRentingTests.xctest */;
			productType = "com.apple.product-type.bundle.unit-test";
		};
		5F3C10562C9A2CA70029CBF1 /* TimeRentingUITests */ = {
			isa = PBXNativeTarget;
			buildConfigurationList = 5F3C10672C9A2CA70029CBF1 /* Build configuration list for PBXNativeTarget "TimeRentingUITests" */;
			buildPhases = (
				5F3C10532C9A2CA70029CBF1 /* Sources */,
				5F3C10542C9A2CA70029CBF1 /* Frameworks */,
				5F3C10552C9A2CA70029CBF1 /* Resources */,
			);
			buildRules = (
			);
			dependencies = (
				5F3C10592C9A2CA70029CBF1 /* PBXTargetDependency */,
			);
			fileSystemSynchronizedGroups = (
				5F3C105A2C9A2CA70029CBF1 /* TimeRentingUITests */,
			);
			name = TimeRentingUITests;
			packageProductDependencies = (
			);
			productName = TimeRentingUITests;
			productReference = 5F3C10572C9A2CA70029CBF1 /* TimeRentingUITests.xctest */;
			productType = "com.apple.product-type.bundle.ui-testing";
		};
/* End PBXNativeTarget section */

/* Begin PBXProject section */
		5F3C10352C9A2CA30029CBF1 /* Project object */ = {
			isa = PBXProject;
			attributes = {
				BuildIndependentTargetsInParallel = 1;
				LastSwiftUpdateCheck = 1600;
				LastUpgradeCheck = 1600;
				TargetAttributes = {
					5F3C103C2C9A2CA30029CBF1 = {
						CreatedOnToolsVersion = 16.0;
					};
					5F3C104C2C9A2CA70029CBF1 = {
						CreatedOnToolsVersion = 16.0;
						TestTargetID = 5F3C103C2C9A2CA30029CBF1;
					};
					5F3C10562C9A2CA70029CBF1 = {
						CreatedOnToolsVersion = 16.0;
						TestTargetID = 5F3C103C2C9A2CA30029CBF1;
					};
				};
			};
			buildConfigurationList = 5F3C10382C9A2CA30029CBF1 /* Build configuration list for PBXProject "TimeRenting" */;
			developmentRegion = en;
			hasScannedForEncodings = 0;
			knownRegions = (
				en,
				Base,
			);
			mainGroup = 5F3C10342C9A2CA30029CBF1;
			minimizedProjectReferenceProxies = 1;
			preferredProjectObjectVersion = 77;
			productRefGroup = 5F3C103E2C9A2CA30029CBF1 /* Products */;
			projectDirPath = "";
			projectRoot = "";
			targets = (
				5F3C103C2C9A2CA30029CBF1 /* TimeRenting */,
				5F3C104C2C9A2CA70029CBF1 /* TimeRentingTests */,
				5F3C10562C9A2CA70029CBF1 /* TimeRentingUITests */,
			);
		};
/* End PBXProject section */

/* Begin PBXResourcesBuildPhase section */
		5F3C103B2C9A2CA30029CBF1 /* Resources */ = {
			isa = PBXResourcesBuildPhase;
			buildActionMask = 2147483647;
			files = (
			);
			runOnlyForDeploymentPostprocessing = 0;
		};
		5F3C104B2C9A2CA70029CBF1 /* Resources */ = {
			isa = PBXResourcesBuildPhase;
			buildActionMask = 2147483647;
			files = (
			);
			runOnlyForDeploymentPostprocessing = 0;
		};
		5F3C10552C9A2CA70029CBF1 /* Resources */ = {
			isa = PBXResourcesBuildPhase;
			buildActionMask = 2147483647;
			files = (
			);
			runOnlyForDeploymentPostprocessing = 0;
		};
/* End PBXResourcesBuildPhase section */

/* Begin PBXSourcesBuildPhase section */
		5F3C10392C9A2CA30029CBF1 /* Sources */ = {
			isa = PBXSourcesBuildPhase;
			buildActionMask = 2147483647;
			files = (
				5FD7112C2CD073F400D6BDD8 /* TimeRentingDataModel.xcdatamodeld in Sources */,
			);
			runOnlyForDeploymentPostprocessing = 0;
		};
		5F3C10492C9A2CA70029CBF1 /* Sources */ = {
			isa = PBXSourcesBuildPhase;
			buildActionMask = 2147483647;
			files = (
			);
			runOnlyForDeploymentPostprocessing = 0;
		};
		5F3C10532C9A2CA70029CBF1 /* Sources */ = {
			isa = PBXSourcesBuildPhase;
			buildActionMask = 2147483647;
			files = (
			);
			runOnlyForDeploymentPostprocessing = 0;
		};
/* End PBXSourcesBuildPhase section */

/* Begin PBXTargetDependency section */
		5F3C104F2C9A2CA70029CBF1 /* PBXTargetDependency */ = {
			isa = PBXTargetDependency;
			target = 5F3C103C2C9A2CA30029CBF1 /* TimeRenting */;
			targetProxy = 5F3C104E2C9A2CA70029CBF1 /* PBXContainerItemProxy */;
		};
		5F3C10592C9A2CA70029CBF1 /* PBXTargetDependency */ = {
			isa = PBXTargetDependency;
			target = 5F3C103C2C9A2CA30029CBF1 /* TimeRenting */;
			targetProxy = 5F3C10582C9A2CA70029CBF1 /* PBXContainerItemProxy */;
		};
/* End PBXTargetDependency section */

/* Begin XCBuildConfiguration section */
		5F3C105F2C9A2CA70029CBF1 /* Debug */ = {
			isa = XCBuildConfiguration;
			buildSettings = {
				ALWAYS_SEARCH_USER_PATHS = NO;
				ASSETCATALOG_COMPILER_GENERATE_SWIFT_ASSET_SYMBOL_EXTENSIONS = YES;
				CLANG_ANALYZER_NONNULL = YES;
				CLANG_ANALYZER_NUMBER_OBJECT_CONVERSION = YES_AGGRESSIVE;
				CLANG_CXX_LANGUAGE_STANDARD = "gnu++20";
				CLANG_ENABLE_MODULES = YES;
				CLANG_ENABLE_OBJC_ARC = YES;
				CLANG_ENABLE_OBJC_WEAK = YES;
				CLANG_WARN_BLOCK_CAPTURE_AUTORELEASING = YES;
				CLANG_WARN_BOOL_CONVERSION = YES;
				CLANG_WARN_COMMA = YES;
				CLANG_WARN_CONSTANT_CONVERSION = YES;
				CLANG_WARN_DEPRECATED_OBJC_IMPLEMENTATIONS = YES;
				CLANG_WARN_DIRECT_OBJC_ISA_USAGE = YES_ERROR;
				CLANG_WARN_DOCUMENTATION_COMMENTS = YES;
				CLANG_WARN_EMPTY_BODY = YES;
				CLANG_WARN_ENUM_CONVERSION = YES;
				CLANG_WARN_INFINITE_RECURSION = YES;
				CLANG_WARN_INT_CONVERSION = YES;
				CLANG_WARN_NON_LITERAL_NULL_CONVERSION = YES;
				CLANG_WARN_OBJC_IMPLICIT_RETAIN_SELF = YES;
				CLANG_WARN_OBJC_LITERAL_CONVERSION = YES;
				CLANG_WARN_OBJC_ROOT_CLASS = YES_ERROR;
				CLANG_WARN_QUOTED_INCLUDE_IN_FRAMEWORK_HEADER = YES;
				CLANG_WARN_RANGE_LOOP_ANALYSIS = YES;
				CLANG_WARN_STRICT_PROTOTYPES = YES;
				CLANG_WARN_SUSPICIOUS_MOVE = YES;
				CLANG_WARN_UNGUARDED_AVAILABILITY = YES_AGGRESSIVE;
				CLANG_WARN_UNREACHABLE_CODE = YES;
				CLANG_WARN__DUPLICATE_METHOD_MATCH = YES;
				COPY_PHASE_STRIP = NO;
				DEBUG_INFORMATION_FORMAT = dwarf;
				ENABLE_STRICT_OBJC_MSGSEND = YES;
				ENABLE_TESTABILITY = YES;
				ENABLE_USER_SCRIPT_SANDBOXING = YES;
				GCC_C_LANGUAGE_STANDARD = gnu17;
				GCC_DYNAMIC_NO_PIC = NO;
				GCC_NO_COMMON_BLOCKS = YES;
				GCC_OPTIMIZATION_LEVEL = 0;
				GCC_PREPROCESSOR_DEFINITIONS = (
					"DEBUG=1",
					"$(inherited)",
				);
				GCC_WARN_64_TO_32_BIT_CONVERSION = YES;
				GCC_WARN_ABOUT_RETURN_TYPE = YES_ERROR;
				GCC_WARN_UNDECLARED_SELECTOR = YES;
				GCC_WARN_UNINITIALIZED_AUTOS = YES_AGGRESSIVE;
				GCC_WARN_UNUSED_FUNCTION = YES;
				GCC_WARN_UNUSED_VARIABLE = YES;
				IPHONEOS_DEPLOYMENT_TARGET = 18.0;
				LOCALIZATION_PREFERS_STRING_CATALOGS = YES;
				MTL_ENABLE_DEBUG_INFO = INCLUDE_SOURCE;
				MTL_FAST_MATH = YES;
				ONLY_ACTIVE_ARCH = YES;
				SDKROOT = iphoneos;
				SWIFT_ACTIVE_COMPILATION_CONDITIONS = "DEBUG $(inherited)";
				SWIFT_OPTIMIZATION_LEVEL = "-Onone";
			};
			name = Debug;
		};
		5F3C10602C9A2CA70029CBF1 /* Release */ = {
			isa = XCBuildConfiguration;
			buildSettings = {
				ALWAYS_SEARCH_USER_PATHS = NO;
				ASSETCATALOG_COMPILER_GENERATE_SWIFT_ASSET_SYMBOL_EXTENSIONS = YES;
				CLANG_ANALYZER_NONNULL = YES;
				CLANG_ANALYZER_NUMBER_OBJECT_CONVERSION = YES_AGGRESSIVE;
				CLANG_CXX_LANGUAGE_STANDARD = "gnu++20";
				CLANG_ENABLE_MODULES = YES;
				CLANG_ENABLE_OBJC_ARC = YES;
				CLANG_ENABLE_OBJC_WEAK = YES;
				CLANG_WARN_BLOCK_CAPTURE_AUTORELEASING = YES;
				CLANG_WARN_BOOL_CONVERSION = YES;
				CLANG_WARN_COMMA = YES;
				CLANG_WARN_CONSTANT_CONVERSION = YES;
				CLANG_WARN_DEPRECATED_OBJC_IMPLEMENTATIONS = YES;
				CLANG_WARN_DIRECT_OBJC_ISA_USAGE = YES_ERROR;
				CLANG_WARN_DOCUMENTATION_COMMENTS = YES;
				CLANG_WARN_EMPTY_BODY = YES;
				CLANG_WARN_ENUM_CONVERSION = YES;
				CLANG_WARN_INFINITE_RECURSION = YES;
				CLANG_WARN_INT_CONVERSION = YES;
				CLANG_WARN_NON_LITERAL_NULL_CONVERSION = YES;
				CLANG_WARN_OBJC_IMPLICIT_RETAIN_SELF = YES;
				CLANG_WARN_OBJC_LITERAL_CONVERSION = YES;
				CLANG_WARN_OBJC_ROOT_CLASS = YES_ERROR;
				CLANG_WARN_QUOTED_INCLUDE_IN_FRAMEWORK_HEADER = YES;
				CLANG_WARN_RANGE_LOOP_ANALYSIS = YES;
				CLANG_WARN_STRICT_PROTOTYPES = YES;
				CLANG_WARN_SUSPICIOUS_MOVE = YES;
				CLANG_WARN_UNGUARDED_AVAILABILITY = YES_AGGRESSIVE;
				CLANG_WARN_UNREACHABLE_CODE = YES;
				CLANG_WARN__DUPLICATE_METHOD_MATCH = YES;
				COPY_PHASE_STRIP = NO;
				DEBUG_INFORMATION_FORMAT = "dwarf-with-dsym";
				ENABLE_NS_ASSERTIONS = NO;
				ENABLE_STRICT_OBJC_MSGSEND = YES;
				ENABLE_USER_SCRIPT_SANDBOXING = YES;
				GCC_C_LANGUAGE_STANDARD = gnu17;
				GCC_NO_COMMON_BLOCKS = YES;
				GCC_WARN_64_TO_32_BIT_CONVERSION = YES;
				GCC_WARN_ABOUT_RETURN_TYPE = YES_ERROR;
				GCC_WARN_UNDECLARED_SELECTOR = YES;
				GCC_WARN_UNINITIALIZED_AUTOS = YES_AGGRESSIVE;
				GCC_WARN_UNUSED_FUNCTION = YES;
				GCC_WARN_UNUSED_VARIABLE = YES;
				IPHONEOS_DEPLOYMENT_TARGET = 18.0;
				LOCALIZATION_PREFERS_STRING_CATALOGS = YES;
				MTL_ENABLE_DEBUG_INFO = NO;
				MTL_FAST_MATH = YES;
				SDKROOT = iphoneos;
				SWIFT_COMPILATION_MODE = wholemodule;
				VALIDATE_PRODUCT = YES;
			};
			name = Release;
		};
		5F3C10622C9A2CA70029CBF1 /* Debug */ = {
			isa = XCBuildConfiguration;
			buildSettings = {
				ASSETCATALOG_COMPILER_APPICON_NAME = AppIcon;
				ASSETCATALOG_COMPILER_GLOBAL_ACCENT_COLOR_NAME = AccentColor;
				CODE_SIGN_STYLE = Automatic;
				CURRENT_PROJECT_VERSION = 1;
				DEVELOPMENT_ASSET_PATHS = "\"TimeRenting/Preview Content\"";
				DEVELOPMENT_TEAM = "";
				ENABLE_PREVIEWS = YES;
				GENERATE_INFOPLIST_FILE = YES;
				INFOPLIST_KEY_UIApplicationSceneManifest_Generation = YES;
				INFOPLIST_KEY_UIApplicationSupportsIndirectInputEvents = YES;
				INFOPLIST_KEY_UILaunchScreen_Generation = YES;
				INFOPLIST_KEY_UISupportedInterfaceOrientations_iPad = "UIInterfaceOrientationPortrait UIInterfaceOrientationPortraitUpsideDown UIInterfaceOrientationLandscapeLeft UIInterfaceOrientationLandscapeRight";
				INFOPLIST_KEY_UISupportedInterfaceOrientations_iPhone = "UIInterfaceOrientationPortrait UIInterfaceOrientationLandscapeLeft UIInterfaceOrientationLandscapeRight";
				IPHONEOS_DEPLOYMENT_TARGET = 18.0;
				LD_RUNPATH_SEARCH_PATHS = (
					"$(inherited)",
					"@executable_path/Frameworks",
				);
				MARKETING_VERSION = 1.0;
				PRODUCT_BUNDLE_IDENTIFIER = JingshuLMU.TimeRenting;
				PRODUCT_NAME = "$(TARGET_NAME)";
				SWIFT_EMIT_LOC_STRINGS = YES;
				SWIFT_VERSION = 5.0;
				TARGETED_DEVICE_FAMILY = 1;
			};
			name = Debug;
		};
		5F3C10632C9A2CA70029CBF1 /* Release */ = {
			isa = XCBuildConfiguration;
			buildSettings = {
				ASSETCATALOG_COMPILER_APPICON_NAME = AppIcon;
				ASSETCATALOG_COMPILER_GLOBAL_ACCENT_COLOR_NAME = AccentColor;
				CODE_SIGN_STYLE = Automatic;
				CURRENT_PROJECT_VERSION = 1;
				DEVELOPMENT_ASSET_PATHS = "\"TimeRenting/Preview Content\"";
				DEVELOPMENT_TEAM = "";
				ENABLE_PREVIEWS = YES;
				GENERATE_INFOPLIST_FILE = YES;
				INFOPLIST_KEY_UIApplicationSceneManifest_Generation = YES;
				INFOPLIST_KEY_UIApplicationSupportsIndirectInputEvents = YES;
				INFOPLIST_KEY_UILaunchScreen_Generation = YES;
				INFOPLIST_KEY_UISupportedInterfaceOrientations_iPad = "UIInterfaceOrientationPortrait UIInterfaceOrientationPortraitUpsideDown UIInterfaceOrientationLandscapeLeft UIInterfaceOrientationLandscapeRight";
				INFOPLIST_KEY_UISupportedInterfaceOrientations_iPhone = "UIInterfaceOrientationPortrait UIInterfaceOrientationLandscapeLeft UIInterfaceOrientationLandscapeRight";
				IPHONEOS_DEPLOYMENT_TARGET = 18.0;
				LD_RUNPATH_SEARCH_PATHS = (
					"$(inherited)",
					"@executable_path/Frameworks",
				);
				MARKETING_VERSION = 1.0;
				PRODUCT_BUNDLE_IDENTIFIER = JingshuLMU.TimeRenting;
				PRODUCT_NAME = "$(TARGET_NAME)";
				SWIFT_EMIT_LOC_STRINGS = YES;
				SWIFT_VERSION = 5.0;
				TARGETED_DEVICE_FAMILY = 1;
			};
			name = Release;
		};
		5F3C10652C9A2CA70029CBF1 /* Debug */ = {
			isa = XCBuildConfiguration;
			buildSettings = {
				BUNDLE_LOADER = "$(TEST_HOST)";
				CODE_SIGN_STYLE = Automatic;
				CURRENT_PROJECT_VERSION = 1;
				GENERATE_INFOPLIST_FILE = YES;
				IPHONEOS_DEPLOYMENT_TARGET = 18.0;
				MARKETING_VERSION = 1.0;
				PRODUCT_BUNDLE_IDENTIFIER = JingshuLMU.TimeRentingTests;
				PRODUCT_NAME = "$(TARGET_NAME)";
				SWIFT_EMIT_LOC_STRINGS = NO;
				SWIFT_VERSION = 5.0;
				TARGETED_DEVICE_FAMILY = "1,2";
				TEST_HOST = "$(BUILT_PRODUCTS_DIR)/TimeRenting.app/$(BUNDLE_EXECUTABLE_FOLDER_PATH)/TimeRenting";
			};
			name = Debug;
		};
		5F3C10662C9A2CA70029CBF1 /* Release */ = {
			isa = XCBuildConfiguration;
			buildSettings = {
				BUNDLE_LOADER = "$(TEST_HOST)";
				CODE_SIGN_STYLE = Automatic;
				CURRENT_PROJECT_VERSION = 1;
				GENERATE_INFOPLIST_FILE = YES;
				IPHONEOS_DEPLOYMENT_TARGET = 18.0;
				MARKETING_VERSION = 1.0;
				PRODUCT_BUNDLE_IDENTIFIER = JingshuLMU.TimeRentingTests;
				PRODUCT_NAME = "$(TARGET_NAME)";
				SWIFT_EMIT_LOC_STRINGS = NO;
				SWIFT_VERSION = 5.0;
				TARGETED_DEVICE_FAMILY = "1,2";
				TEST_HOST = "$(BUILT_PRODUCTS_DIR)/TimeRenting.app/$(BUNDLE_EXECUTABLE_FOLDER_PATH)/TimeRenting";
			};
			name = Release;
		};
		5F3C10682C9A2CA70029CBF1 /* Debug */ = {
			isa = XCBuildConfiguration;
			buildSettings = {
				CODE_SIGN_STYLE = Automatic;
				CURRENT_PROJECT_VERSION = 1;
				GENERATE_INFOPLIST_FILE = YES;
				MARKETING_VERSION = 1.0;
				PRODUCT_BUNDLE_IDENTIFIER = JingshuLMU.TimeRentingUITests;
				PRODUCT_NAME = "$(TARGET_NAME)";
				SWIFT_EMIT_LOC_STRINGS = NO;
				SWIFT_VERSION = 5.0;
				TARGETED_DEVICE_FAMILY = "1,2";
				TEST_TARGET_NAME = TimeRenting;
			};
			name = Debug;
		};
		5F3C10692C9A2CA70029CBF1 /* Release */ = {
			isa = XCBuildConfiguration;
			buildSettings = {
				CODE_SIGN_STYLE = Automatic;
				CURRENT_PROJECT_VERSION = 1;
				GENERATE_INFOPLIST_FILE = YES;
				MARKETING_VERSION = 1.0;
				PRODUCT_BUNDLE_IDENTIFIER = JingshuLMU.TimeRentingUITests;
				PRODUCT_NAME = "$(TARGET_NAME)";
				SWIFT_EMIT_LOC_STRINGS = NO;
				SWIFT_VERSION = 5.0;
				TARGETED_DEVICE_FAMILY = "1,2";
				TEST_TARGET_NAME = TimeRenting;
			};
			name = Release;
		};
/* End XCBuildConfiguration section */

/* Begin XCConfigurationList section */
		5F3C10382C9A2CA30029CBF1 /* Build configuration list for PBXProject "TimeRenting" */ = {
			isa = XCConfigurationList;
			buildConfigurations = (
				5F3C105F2C9A2CA70029CBF1 /* Debug */,
				5F3C10602C9A2CA70029CBF1 /* Release */,
			);
			defaultConfigurationIsVisible = 0;
			defaultConfigurationName = Release;
		};
		5F3C10612C9A2CA70029CBF1 /* Build configuration list for PBXNativeTarget "TimeRenting" */ = {
			isa = XCConfigurationList;
			buildConfigurations = (
				5F3C10622C9A2CA70029CBF1 /* Debug */,
				5F3C10632C9A2CA70029CBF1 /* Release */,
			);
			defaultConfigurationIsVisible = 0;
			defaultConfigurationName = Release;
		};
		5F3C10642C9A2CA70029CBF1 /* Build configuration list for PBXNativeTarget "TimeRentingTests" */ = {
			isa = XCConfigurationList;
			buildConfigurations = (
				5F3C10652C9A2CA70029CBF1 /* Debug */,
				5F3C10662C9A2CA70029CBF1 /* Release */,
			);
			defaultConfigurationIsVisible = 0;
			defaultConfigurationName = Release;
		};
		5F3C10672C9A2CA70029CBF1 /* Build configuration list for PBXNativeTarget "TimeRentingUITests" */ = {
			isa = XCConfigurationList;
			buildConfigurations = (
				5F3C10682C9A2CA70029CBF1 /* Debug */,
				5F3C10692C9A2CA70029CBF1 /* Release */,
			);
			defaultConfigurationIsVisible = 0;
			defaultConfigurationName = Release;
		};
/* End XCConfigurationList section */

/* Begin XCVersionGroup section */
		5FD7112A2CD073F400D6BDD8 /* TimeRentingDataModel.xcdatamodeld */ = {
			isa = XCVersionGroup;
			children = (
				5FD7112B2CD073F400D6BDD8 /* TimeRentingDataModel.xcdatamodel */,
			);
			currentVersion = 5FD7112B2CD073F400D6BDD8 /* TimeRentingDataModel.xcdatamodel */;
			path = TimeRentingDataModel.xcdatamodeld;
			sourceTree = "<group>";
			versionGroupType = wrapper.xcdatamodel;
		};
/* End XCVersionGroup section */
	};
	rootObject = 5F3C10352C9A2CA30029CBF1 /* Project object */;
}
